// !$*UTF8*$!
{
	archiveVersion = 1;
	classes = {
	};
	objectVersion = 56;
	objects = {

/* Begin PBXBuildFile section */
		A844450D2BF2272A00193386 /* iPadCalcApp.swift in Sources */ = {isa = PBXBuildFile; fileRef = A844450C2BF2272A00193386 /* iPadCalcApp.swift */; };
		A844450F2BF2272A00193386 /* ContentView.swift in Sources */ = {isa = PBXBuildFile; fileRef = A844450E2BF2272A00193386 /* ContentView.swift */; };
		A84445112BF2272A00193386 /* Item.swift in Sources */ = {isa = PBXBuildFile; fileRef = A84445102BF2272A00193386 /* Item.swift */; };
		A84445132BF2272B00193386 /* Assets.xcassets in Resources */ = {isa = PBXBuildFile; fileRef = A84445122BF2272B00193386 /* Assets.xcassets */; };
		A84445162BF2272B00193386 /* Preview Assets.xcassets in Resources */ = {isa = PBXBuildFile; fileRef = A84445152BF2272B00193386 /* Preview Assets.xcassets */; };
		A84445202BF2272B00193386 /* iPadCalcTests.swift in Sources */ = {isa = PBXBuildFile; fileRef = A844451F2BF2272B00193386 /* iPadCalcTests.swift */; };
		A844452A2BF2272B00193386 /* iPadCalcUITests.swift in Sources */ = {isa = PBXBuildFile; fileRef = A84445292BF2272B00193386 /* iPadCalcUITests.swift */; };
		A844452C2BF2272B00193386 /* iPadCalcUITestsLaunchTests.swift in Sources */ = {isa = PBXBuildFile; fileRef = A844452B2BF2272B00193386 /* iPadCalcUITestsLaunchTests.swift */; };
/* End PBXBuildFile section */

/* Begin PBXContainerItemProxy section */
		A844451C2BF2272B00193386 /* PBXContainerItemProxy */ = {
			isa = PBXContainerItemProxy;
			containerPortal = A84445012BF2272A00193386 /* Project object */;
			proxyType = 1;
			remoteGlobalIDString = A84445082BF2272A00193386;
			remoteInfo = iPadCalc;
		};
		A84445262BF2272B00193386 /* PBXContainerItemProxy */ = {
			isa = PBXContainerItemProxy;
			containerPortal = A84445012BF2272A00193386 /* Project object */;
			proxyType = 1;
			remoteGlobalIDString = A84445082BF2272A00193386;
			remoteInfo = iPadCalc;
		};
/* End PBXContainerItemProxy section */

/* Begin PBXFileReference section */
		A84445092BF2272A00193386 /* iPadCalc.app */ = {isa = PBXFileReference; explicitFileType = wrapper.application; includeInIndex = 0; path = iPadCalc.app; sourceTree = BUILT_PRODUCTS_DIR; };
		A844450C2BF2272A00193386 /* iPadCalcApp.swift */ = {isa = PBXFileReference; lastKnownFileType = sourcecode.swift; path = iPadCalcApp.swift; sourceTree = "<group>"; };
		A844450E2BF2272A00193386 /* ContentView.swift */ = {isa = PBXFileReference; lastKnownFileType = sourcecode.swift; path = ContentView.swift; sourceTree = "<group>"; };
		A84445102BF2272A00193386 /* Item.swift */ = {isa = PBXFileReference; lastKnownFileType = sourcecode.swift; path = Item.swift; sourceTree = "<group>"; };
		A84445122BF2272B00193386 /* Assets.xcassets */ = {isa = PBXFileReference; lastKnownFileType = folder.assetcatalog; path = Assets.xcassets; sourceTree = "<group>"; };
		A84445152BF2272B00193386 /* Preview Assets.xcassets */ = {isa = PBXFileReference; lastKnownFileType = folder.assetcatalog; path = "Preview Assets.xcassets"; sourceTree = "<group>"; };
		A844451B2BF2272B00193386 /* iPadCalcTests.xctest */ = {isa = PBXFileReference; explicitFileType = wrapper.cfbundle; includeInIndex = 0; path = iPadCalcTests.xctest; sourceTree = BUILT_PRODUCTS_DIR; };
		A844451F2BF2272B00193386 /* iPadCalcTests.swift */ = {isa = PBXFileReference; lastKnownFileType = sourcecode.swift; path = iPadCalcTests.swift; sourceTree = "<group>"; };
		A84445252BF2272B00193386 /* iPadCalcUITests.xctest */ = {isa = PBXFileReference; explicitFileType = wrapper.cfbundle; includeInIndex = 0; path = iPadCalcUITests.xctest; sourceTree = BUILT_PRODUCTS_DIR; };
		A84445292BF2272B00193386 /* iPadCalcUITests.swift */ = {isa = PBXFileReference; lastKnownFileType = sourcecode.swift; path = iPadCalcUITests.swift; sourceTree = "<group>"; };
		A844452B2BF2272B00193386 /* iPadCalcUITestsLaunchTests.swift */ = {isa = PBXFileReference; lastKnownFileType = sourcecode.swift; path = iPadCalcUITestsLaunchTests.swift; sourceTree = "<group>"; };
/* End PBXFileReference section */

/* Begin PBXFrameworksBuildPhase section */
		A84445062BF2272A00193386 /* Frameworks */ = {
			isa = PBXFrameworksBuildPhase;
			buildActionMask = 2147483647;
			files = (
			);
			runOnlyForDeploymentPostprocessing = 0;
		};
		A84445182BF2272B00193386 /* Frameworks */ = {
			isa = PBXFrameworksBuildPhase;
			buildActionMask = 2147483647;
			files = (
			);
			runOnlyForDeploymentPostprocessing = 0;
		};
		A84445222BF2272B00193386 /* Frameworks */ = {
			isa = PBXFrameworksBuildPhase;
			buildActionMask = 2147483647;
			files = (
			);
			runOnlyForDeploymentPostprocessing = 0;
		};
/* End PBXFrameworksBuildPhase section */

/* Begin PBXGroup section */
		A84445002BF2272A00193386 = {
			isa = PBXGroup;
			children = (
				A844450B2BF2272A00193386 /* iPadCalc */,
				A844451E2BF2272B00193386 /* iPadCalcTests */,
				A84445282BF2272B00193386 /* iPadCalcUITests */,
				A844450A2BF2272A00193386 /* Products */,
			);
			sourceTree = "<group>";
		};
		A844450A2BF2272A00193386 /* Products */ = {
			isa = PBXGroup;
			children = (
				A84445092BF2272A00193386 /* iPadCalc.app */,
				A844451B2BF2272B00193386 /* iPadCalcTests.xctest */,
				A84445252BF2272B00193386 /* iPadCalcUITests.xctest */,
			);
			name = Products;
			sourceTree = "<group>";
		};
		A844450B2BF2272A00193386 /* iPadCalc */ = {
			isa = PBXGroup;
			children = (
				A844450C2BF2272A00193386 /* iPadCalcApp.swift */,
				A844450E2BF2272A00193386 /* ContentView.swift */,
				A84445102BF2272A00193386 /* Item.swift */,
				A84445122BF2272B00193386 /* Assets.xcassets */,
				A84445142BF2272B00193386 /* Preview Content */,
			);
			path = iPadCalc;
			sourceTree = "<group>";
		};
		A84445142BF2272B00193386 /* Preview Content */ = {
			isa = PBXGroup;
			children = (
				A84445152BF2272B00193386 /* Preview Assets.xcassets */,
			);
			path = "Preview Content";
			sourceTree = "<group>";
		};
		A844451E2BF2272B00193386 /* iPadCalcTests */ = {
			isa = PBXGroup;
			children = (
				A844451F2BF2272B00193386 /* iPadCalcTests.swift */,
			);
			path = iPadCalcTests;
			sourceTree = "<group>";
		};
		A84445282BF2272B00193386 /* iPadCalcUITests */ = {
			isa = PBXGroup;
			children = (
				A84445292BF2272B00193386 /* iPadCalcUITests.swift */,
				A844452B2BF2272B00193386 /* iPadCalcUITestsLaunchTests.swift */,
			);
			path = iPadCalcUITests;
			sourceTree = "<group>";
		};
/* End PBXGroup section */

/* Begin PBXNativeTarget section */
		A84445082BF2272A00193386 /* iPadCalc */ = {
			isa = PBXNativeTarget;
			buildConfigurationList = A844452F2BF2272B00193386 /* Build configuration list for PBXNativeTarget "iPadCalc" */;
			buildPhases = (
				A84445052BF2272A00193386 /* Sources */,
				A84445062BF2272A00193386 /* Frameworks */,
				A84445072BF2272A00193386 /* Resources */,
			);
			buildRules = (
			);
			dependencies = (
			);
			name = iPadCalc;
			productName = iPadCalc;
			productReference = A84445092BF2272A00193386 /* iPadCalc.app */;
			productType = "com.apple.product-type.application";
		};
		A844451A2BF2272B00193386 /* iPadCalcTests */ = {
			isa = PBXNativeTarget;
			buildConfigurationList = A84445322BF2272B00193386 /* Build configuration list for PBXNativeTarget "iPadCalcTests" */;
			buildPhases = (
				A84445172BF2272B00193386 /* Sources */,
				A84445182BF2272B00193386 /* Frameworks */,
				A84445192BF2272B00193386 /* Resources */,
			);
			buildRules = (
			);
			dependencies = (
				A844451D2BF2272B00193386 /* PBXTargetDependency */,
			);
			name = iPadCalcTests;
			productName = iPadCalcTests;
			productReference = A844451B2BF2272B00193386 /* iPadCalcTests.xctest */;
			productType = "com.apple.product-type.bundle.unit-test";
		};
		A84445242BF2272B00193386 /* iPadCalcUITests */ = {
			isa = PBXNativeTarget;
			buildConfigurationList = A84445352BF2272B00193386 /* Build configuration list for PBXNativeTarget "iPadCalcUITests" */;
			buildPhases = (
				A84445212BF2272B00193386 /* Sources */,
				A84445222BF2272B00193386 /* Frameworks */,
				A84445232BF2272B00193386 /* Resources */,
			);
			buildRules = (
			);
			dependencies = (
				A84445272BF2272B00193386 /* PBXTargetDependency */,
			);
			name = iPadCalcUITests;
			productName = iPadCalcUITests;
			productReference = A84445252BF2272B00193386 /* iPadCalcUITests.xctest */;
			productType = "com.apple.product-type.bundle.ui-testing";
		};
/* End PBXNativeTarget section */

/* Begin PBXProject section */
		A84445012BF2272A00193386 /* Project object */ = {
			isa = PBXProject;
			attributes = {
				BuildIndependentTargetsInParallel = 1;
				LastSwiftUpdateCheck = 1530;
				LastUpgradeCheck = 1530;
				TargetAttributes = {
					A84445082BF2272A00193386 = {
						CreatedOnToolsVersion = 15.3;
					};
					A844451A2BF2272B00193386 = {
						CreatedOnToolsVersion = 15.3;
						TestTargetID = A84445082BF2272A00193386;
					};
					A84445242BF2272B00193386 = {
						CreatedOnToolsVersion = 15.3;
						TestTargetID = A84445082BF2272A00193386;
					};
				};
			};
			buildConfigurationList = A84445042BF2272A00193386 /* Build configuration list for PBXProject "iPadCalc" */;
			compatibilityVersion = "Xcode 14.0";
			developmentRegion = en;
			hasScannedForEncodings = 0;
			knownRegions = (
				en,
				Base,
			);
			mainGroup = A84445002BF2272A00193386;
			productRefGroup = A844450A2BF2272A00193386 /* Products */;
			projectDirPath = "";
			projectRoot = "";
			targets = (
				A84445082BF2272A00193386 /* iPadCalc */,
				A844451A2BF2272B00193386 /* iPadCalcTests */,
				A84445242BF2272B00193386 /* iPadCalcUITests */,
			);
		};
/* End PBXProject section */

/* Begin PBXResourcesBuildPhase section */
		A84445072BF2272A00193386 /* Resources */ = {
			isa = PBXResourcesBuildPhase;
			buildActionMask = 2147483647;
			files = (
				A84445162BF2272B00193386 /* Preview Assets.xcassets in Resources */,
				A84445132BF2272B00193386 /* Assets.xcassets in Resources */,
			);
			runOnlyForDeploymentPostprocessing = 0;
		};
		A84445192BF2272B00193386 /* Resources */ = {
			isa = PBXResourcesBuildPhase;
			buildActionMask = 2147483647;
			files = (
			);
			runOnlyForDeploymentPostprocessing = 0;
		};
		A84445232BF2272B00193386 /* Resources */ = {
			isa = PBXResourcesBuildPhase;
			buildActionMask = 2147483647;
			files = (
			);
			runOnlyForDeploymentPostprocessing = 0;
		};
/* End PBXResourcesBuildPhase section */

/* Begin PBXSourcesBuildPhase section */
		A84445052BF2272A00193386 /* Sources */ = {
			isa = PBXSourcesBuildPhase;
			buildActionMask = 2147483647;
			files = (
				A844450F2BF2272A00193386 /* ContentView.swift in Sources */,
				A84445112BF2272A00193386 /* Item.swift in Sources */,
				A844450D2BF2272A00193386 /* iPadCalcApp.swift in Sources */,
			);
			runOnlyForDeploymentPostprocessing = 0;
		};
		A84445172BF2272B00193386 /* Sources */ = {
			isa = PBXSourcesBuildPhase;
			buildActionMask = 2147483647;
			files = (
				A84445202BF2272B00193386 /* iPadCalcTests.swift in Sources */,
			);
			runOnlyForDeploymentPostprocessing = 0;
		};
		A84445212BF2272B00193386 /* Sources */ = {
			isa = PBXSourcesBuildPhase;
			buildActionMask = 2147483647;
			files = (
				A844452C2BF2272B00193386 /* iPadCalcUITestsLaunchTests.swift in Sources */,
				A844452A2BF2272B00193386 /* iPadCalcUITests.swift in Sources */,
			);
			runOnlyForDeploymentPostprocessing = 0;
		};
/* End PBXSourcesBuildPhase section */

/* Begin PBXTargetDependency section */
		A844451D2BF2272B00193386 /* PBXTargetDependency */ = {
			isa = PBXTargetDependency;
			target = A84445082BF2272A00193386 /* iPadCalc */;
			targetProxy = A844451C2BF2272B00193386 /* PBXContainerItemProxy */;
		};
		A84445272BF2272B00193386 /* PBXTargetDependency */ = {
			isa = PBXTargetDependency;
			target = A84445082BF2272A00193386 /* iPadCalc */;
			targetProxy = A84445262BF2272B00193386 /* PBXContainerItemProxy */;
		};
/* End PBXTargetDependency section */

/* Begin XCBuildConfiguration section */
		A844452D2BF2272B00193386 /* Debug */ = {
			isa = XCBuildConfiguration;
			buildSettings = {
				ALWAYS_SEARCH_USER_PATHS = NO;
				ASSETCATALOG_COMPILER_GENERATE_SWIFT_ASSET_SYMBOL_EXTENSIONS = YES;
				CLANG_ANALYZER_NONNULL = YES;
				CLANG_ANALYZER_NUMBER_OBJECT_CONVERSION = YES_AGGRESSIVE;
				CLANG_CXX_LANGUAGE_STANDARD = "gnu++20";
				CLANG_ENABLE_MODULES = YES;
				CLANG_ENABLE_OBJC_ARC = YES;
				CLANG_ENABLE_OBJC_WEAK = YES;
				CLANG_WARN_BLOCK_CAPTURE_AUTORELEASING = YES;
				CLANG_WARN_BOOL_CONVERSION = YES;
				CLANG_WARN_COMMA = YES;
				CLANG_WARN_CONSTANT_CONVERSION = YES;
				CLANG_WARN_DEPRECATED_OBJC_IMPLEMENTATIONS = YES;
				CLANG_WARN_DIRECT_OBJC_ISA_USAGE = YES_ERROR;
				CLANG_WARN_DOCUMENTATION_COMMENTS = YES;
				CLANG_WARN_EMPTY_BODY = YES;
				CLANG_WARN_ENUM_CONVERSION = YES;
				CLANG_WARN_INFINITE_RECURSION = YES;
				CLANG_WARN_INT_CONVERSION = YES;
				CLANG_WARN_NON_LITERAL_NULL_CONVERSION = YES;
				CLANG_WARN_OBJC_IMPLICIT_RETAIN_SELF = YES;
				CLANG_WARN_OBJC_LITERAL_CONVERSION = YES;
				CLANG_WARN_OBJC_ROOT_CLASS = YES_ERROR;
				CLANG_WARN_QUOTED_INCLUDE_IN_FRAMEWORK_HEADER = YES;
				CLANG_WARN_RANGE_LOOP_ANALYSIS = YES;
				CLANG_WARN_STRICT_PROTOTYPES = YES;
				CLANG_WARN_SUSPICIOUS_MOVE = YES;
				CLANG_WARN_UNGUARDED_AVAILABILITY = YES_AGGRESSIVE;
				CLANG_WARN_UNREACHABLE_CODE = YES;
				CLANG_WARN__DUPLICATE_METHOD_MATCH = YES;
				COPY_PHASE_STRIP = NO;
				DEBUG_INFORMATION_FORMAT = dwarf;
				ENABLE_STRICT_OBJC_MSGSEND = YES;
				ENABLE_TESTABILITY = YES;
				ENABLE_USER_SCRIPT_SANDBOXING = YES;
				GCC_C_LANGUAGE_STANDARD = gnu17;
				GCC_DYNAMIC_NO_PIC = NO;
				GCC_NO_COMMON_BLOCKS = YES;
				GCC_OPTIMIZATION_LEVEL = 0;
				GCC_PREPROCESSOR_DEFINITIONS = (
					"DEBUG=1",
					"$(inherited)",
				);
				GCC_WARN_64_TO_32_BIT_CONVERSION = YES;
				GCC_WARN_ABOUT_RETURN_TYPE = YES_ERROR;
				GCC_WARN_UNDECLARED_SELECTOR = YES;
				GCC_WARN_UNINITIALIZED_AUTOS = YES_AGGRESSIVE;
				GCC_WARN_UNUSED_FUNCTION = YES;
				GCC_WARN_UNUSED_VARIABLE = YES;
				IPHONEOS_DEPLOYMENT_TARGET = 17.4;
				LOCALIZATION_PREFERS_STRING_CATALOGS = YES;
				MTL_ENABLE_DEBUG_INFO = INCLUDE_SOURCE;
				MTL_FAST_MATH = YES;
				ONLY_ACTIVE_ARCH = YES;
				SDKROOT = iphoneos;
				SWIFT_ACTIVE_COMPILATION_CONDITIONS = "DEBUG $(inherited)";
				SWIFT_OPTIMIZATION_LEVEL = "-Onone";
			};
			name = Debug;
		};
		A844452E2BF2272B00193386 /* Release */ = {
			isa = XCBuildConfiguration;
			buildSettings = {
				ALWAYS_SEARCH_USER_PATHS = NO;
				ASSETCATALOG_COMPILER_GENERATE_SWIFT_ASSET_SYMBOL_EXTENSIONS = YES;
				CLANG_ANALYZER_NONNULL = YES;
				CLANG_ANALYZER_NUMBER_OBJECT_CONVERSION = YES_AGGRESSIVE;
				CLANG_CXX_LANGUAGE_STANDARD = "gnu++20";
				CLANG_ENABLE_MODULES = YES;
				CLANG_ENABLE_OBJC_ARC = YES;
				CLANG_ENABLE_OBJC_WEAK = YES;
				CLANG_WARN_BLOCK_CAPTURE_AUTORELEASING = YES;
				CLANG_WARN_BOOL_CONVERSION = YES;
				CLANG_WARN_COMMA = YES;
				CLANG_WARN_CONSTANT_CONVERSION = YES;
				CLANG_WARN_DEPRECATED_OBJC_IMPLEMENTATIONS = YES;
				CLANG_WARN_DIRECT_OBJC_ISA_USAGE = YES_ERROR;
				CLANG_WARN_DOCUMENTATION_COMMENTS = YES;
				CLANG_WARN_EMPTY_BODY = YES;
				CLANG_WARN_ENUM_CONVERSION = YES;
				CLANG_WARN_INFINITE_RECURSION = YES;
				CLANG_WARN_INT_CONVERSION = YES;
				CLANG_WARN_NON_LITERAL_NULL_CONVERSION = YES;
				CLANG_WARN_OBJC_IMPLICIT_RETAIN_SELF = YES;
				CLANG_WARN_OBJC_LITERAL_CONVERSION = YES;
				CLANG_WARN_OBJC_ROOT_CLASS = YES_ERROR;
				CLANG_WARN_QUOTED_INCLUDE_IN_FRAMEWORK_HEADER = YES;
				CLANG_WARN_RANGE_LOOP_ANALYSIS = YES;
				CLANG_WARN_STRICT_PROTOTYPES = YES;
				CLANG_WARN_SUSPICIOUS_MOVE = YES;
				CLANG_WARN_UNGUARDED_AVAILABILITY = YES_AGGRESSIVE;
				CLANG_WARN_UNREACHABLE_CODE = YES;
				CLANG_WARN__DUPLICATE_METHOD_MATCH = YES;
				COPY_PHASE_STRIP = NO;
				DEBUG_INFORMATION_FORMAT = "dwarf-with-dsym";
				ENABLE_NS_ASSERTIONS = NO;
				ENABLE_STRICT_OBJC_MSGSEND = YES;
				ENABLE_USER_SCRIPT_SANDBOXING = YES;
				GCC_C_LANGUAGE_STANDARD = gnu17;
				GCC_NO_COMMON_BLOCKS = YES;
				GCC_WARN_64_TO_32_BIT_CONVERSION = YES;
				GCC_WARN_ABOUT_RETURN_TYPE = YES_ERROR;
				GCC_WARN_UNDECLARED_SELECTOR = YES;
				GCC_WARN_UNINITIALIZED_AUTOS = YES_AGGRESSIVE;
				GCC_WARN_UNUSED_FUNCTION = YES;
				GCC_WARN_UNUSED_VARIABLE = YES;
				IPHONEOS_DEPLOYMENT_TARGET = 17.4;
				LOCALIZATION_PREFERS_STRING_CATALOGS = YES;
				MTL_ENABLE_DEBUG_INFO = NO;
				MTL_FAST_MATH = YES;
				SDKROOT = iphoneos;
				SWIFT_COMPILATION_MODE = wholemodule;
				VALIDATE_PRODUCT = YES;
			};
			name = Release;
		};
		A84445302BF2272B00193386 /* Debug */ = {
			isa = XCBuildConfiguration;
			buildSettings = {
				ASSETCATALOG_COMPILER_APPICON_NAME = AppIcon;
				ASSETCATALOG_COMPILER_GLOBAL_ACCENT_COLOR_NAME = AccentColor;
				CODE_SIGN_STYLE = Automatic;
				CURRENT_PROJECT_VERSION = 1;
				DEVELOPMENT_ASSET_PATHS = "\"iPadCalc/Preview Content\"";
				DEVELOPMENT_TEAM = 8W58V7UCZR;
				ENABLE_PREVIEWS = YES;
				GENERATE_INFOPLIST_FILE = YES;
				INFOPLIST_KEY_UIApplicationSceneManifest_Generation = YES;
				INFOPLIST_KEY_UIApplicationSupportsIndirectInputEvents = YES;
				INFOPLIST_KEY_UILaunchScreen_Generation = YES;
				INFOPLIST_KEY_UISupportedInterfaceOrientations_iPad = "UIInterfaceOrientationPortrait UIInterfaceOrientationPortraitUpsideDown UIInterfaceOrientationLandscapeLeft UIInterfaceOrientationLandscapeRight";
				INFOPLIST_KEY_UISupportedInterfaceOrientations_iPhone = "UIInterfaceOrientationPortrait UIInterfaceOrientationLandscapeLeft UIInterfaceOrientationLandscapeRight";
				LD_RUNPATH_SEARCH_PATHS = (
					"$(inherited)",
					"@executable_path/Frameworks",
				);
				MARKETING_VERSION = 1.0;
				PRODUCT_BUNDLE_IDENTIFIER = com.morata.iPadCalc;
				PRODUCT_NAME = "$(TARGET_NAME)";
				SWIFT_EMIT_LOC_STRINGS = YES;
				SWIFT_VERSION = 5.0;
				TARGETED_DEVICE_FAMILY = "1,2";
			};
			name = Debug;
		};
		A84445312BF2272B00193386 /* Release */ = {
			isa = XCBuildConfiguration;
			buildSettings = {
				ASSETCATALOG_COMPILER_APPICON_NAME = AppIcon;
				ASSETCATALOG_COMPILER_GLOBAL_ACCENT_COLOR_NAME = AccentColor;
				CODE_SIGN_STYLE = Automatic;
				CURRENT_PROJECT_VERSION = 1;
				DEVELOPMENT_ASSET_PATHS = "\"iPadCalc/Preview Content\"";
				DEVELOPMENT_TEAM = 8W58V7UCZR;
				ENABLE_PREVIEWS = YES;
				GENERATE_INFOPLIST_FILE = YES;
				INFOPLIST_KEY_UIApplicationSceneManifest_Generation = YES;
				INFOPLIST_KEY_UIApplicationSupportsIndirectInputEvents = YES;
				INFOPLIST_KEY_UILaunchScreen_Generation = YES;
				INFOPLIST_KEY_UISupportedInterfaceOrientations_iPad = "UIInterfaceOrientationPortrait UIInterfaceOrientationPortraitUpsideDown UIInterfaceOrientationLandscapeLeft UIInterfaceOrientationLandscapeRight";
				INFOPLIST_KEY_UISupportedInterfaceOrientations_iPhone = "UIInterfaceOrientationPortrait UIInterfaceOrientationLandscapeLeft UIInterfaceOrientationLandscapeRight";
				LD_RUNPATH_SEARCH_PATHS = (
					"$(inherited)",
					"@executable_path/Frameworks",
				);
				MARKETING_VERSION = 1.0;
				PRODUCT_BUNDLE_IDENTIFIER = com.morata.iPadCalc;
				PRODUCT_NAME = "$(TARGET_NAME)";
				SWIFT_EMIT_LOC_STRINGS = YES;
				SWIFT_VERSION = 5.0;
				TARGETED_DEVICE_FAMILY = "1,2";
			};
			name = Release;
		};
		A84445332BF2272B00193386 /* Debug */ = {
			isa = XCBuildConfiguration;
			buildSettings = {
				ALWAYS_EMBED_SWIFT_STANDARD_LIBRARIES = YES;
				BUNDLE_LOADER = "$(TEST_HOST)";
				CODE_SIGN_STYLE = Automatic;
				CURRENT_PROJECT_VERSION = 1;
				DEVELOPMENT_TEAM = 8W58V7UCZR;
				GENERATE_INFOPLIST_FILE = YES;
				IPHONEOS_DEPLOYMENT_TARGET = 17.4;
				MARKETING_VERSION = 1.0;
				PRODUCT_BUNDLE_IDENTIFIER = com.morata.iPadCalcTests;
				PRODUCT_NAME = "$(TARGET_NAME)";
				SWIFT_EMIT_LOC_STRINGS = NO;
				SWIFT_VERSION = 5.0;
				TARGETED_DEVICE_FAMILY = "1,2";
				TEST_HOST = "$(BUILT_PRODUCTS_DIR)/iPadCalc.app/$(BUNDLE_EXECUTABLE_FOLDER_PATH)/iPadCalc";
			};
			name = Debug;
		};
		A84445342BF2272B00193386 /* Release */ = {
			isa = XCBuildConfiguration;
			buildSettings = {
				ALWAYS_EMBED_SWIFT_STANDARD_LIBRARIES = YES;
				BUNDLE_LOADER = "$(TEST_HOST)";
				CODE_SIGN_STYLE = Automatic;
				CURRENT_PROJECT_VERSION = 1;
				DEVELOPMENT_TEAM = 8W58V7UCZR;
				GENERATE_INFOPLIST_FILE = YES;
				IPHONEOS_DEPLOYMENT_TARGET = 17.4;
				MARKETING_VERSION = 1.0;
				PRODUCT_BUNDLE_IDENTIFIER = com.morata.iPadCalcTests;
				PRODUCT_NAME = "$(TARGET_NAME)";
				SWIFT_EMIT_LOC_STRINGS = NO;
				SWIFT_VERSION = 5.0;
				TARGETED_DEVICE_FAMILY = "1,2";
				TEST_HOST = "$(BUILT_PRODUCTS_DIR)/iPadCalc.app/$(BUNDLE_EXECUTABLE_FOLDER_PATH)/iPadCalc";
			};
			name = Release;
		};
		A84445362BF2272B00193386 /* Debug */ = {
			isa = XCBuildConfiguration;
			buildSettings = {
				ALWAYS_EMBED_SWIFT_STANDARD_LIBRARIES = YES;
				CODE_SIGN_STYLE = Automatic;
				CURRENT_PROJECT_VERSION = 1;
				DEVELOPMENT_TEAM = 8W58V7UCZR;
				GENERATE_INFOPLIST_FILE = YES;
				MARKETING_VERSION = 1.0;
				PRODUCT_BUNDLE_IDENTIFIER = com.morata.iPadCalcUITests;
				PRODUCT_NAME = "$(TARGET_NAME)";
				SWIFT_EMIT_LOC_STRINGS = NO;
				SWIFT_VERSION = 5.0;
				TARGETED_DEVICE_FAMILY = "1,2";
				TEST_TARGET_NAME = iPadCalc;
			};
			name = Debug;
		};
		A84445372BF2272B00193386 /* Release */ = {
			isa = XCBuildConfiguration;
			buildSettings = {
				ALWAYS_EMBED_SWIFT_STANDARD_LIBRARIES = YES;
				CODE_SIGN_STYLE = Automatic;
				CURRENT_PROJECT_VERSION = 1;
				DEVELOPMENT_TEAM = 8W58V7UCZR;
				GENERATE_INFOPLIST_FILE = YES;
				MARKETING_VERSION = 1.0;
				PRODUCT_BUNDLE_IDENTIFIER = com.morata.iPadCalcUITests;
				PRODUCT_NAME = "$(TARGET_NAME)";
				SWIFT_EMIT_LOC_STRINGS = NO;
				SWIFT_VERSION = 5.0;
				TARGETED_DEVICE_FAMILY = "1,2";
				TEST_TARGET_NAME = iPadCalc;
			};
			name = Release;
		};
/* End XCBuildConfiguration section */

/* Begin XCConfigurationList section */
		A84445042BF2272A00193386 /* Build configuration list for PBXProject "iPadCalc" */ = {
			isa = XCConfigurationList;
			buildConfigurations = (
				A844452D2BF2272B00193386 /* Debug */,
				A844452E2BF2272B00193386 /* Release */,
			);
			defaultConfigurationIsVisible = 0;
			defaultConfigurationName = Release;
		};
		A844452F2BF2272B00193386 /* Build configuration list for PBXNativeTarget "iPadCalc" */ = {
			isa = XCConfigurationList;
			buildConfigurations = (
				A84445302BF2272B00193386 /* Debug */,
				A84445312BF2272B00193386 /* Release */,
			);
			defaultConfigurationIsVisible = 0;
			defaultConfigurationName = Release;
		};
		A84445322BF2272B00193386 /* Build configuration list for PBXNativeTarget "iPadCalcTests" */ = {
			isa = XCConfigurationList;
			buildConfigurations = (
				A84445332BF2272B00193386 /* Debug */,
				A84445342BF2272B00193386 /* Release */,
			);
			defaultConfigurationIsVisible = 0;
			defaultConfigurationName = Release;
		};
		A84445352BF2272B00193386 /* Build configuration list for PBXNativeTarget "iPadCalcUITests" */ = {
			isa = XCConfigurationList;
			buildConfigurations = (
				A84445362BF2272B00193386 /* Debug */,
				A84445372BF2272B00193386 /* Release */,
			);
			defaultConfigurationIsVisible = 0;
			defaultConfigurationName = Release;
		};
/* End XCConfigurationList section */
	};
	rootObject = A84445012BF2272A00193386 /* Project object */;
}
